
Microsoft Visual Studio Solution File, Format Version 12.00
# Visual Studio 15
VisualStudioVersion = 15.0.27004.2002
MinimumVisualStudioVersion = 10.0.40219.1
Project("{FAE04EC0-301F-11D3-BF4B-00C04F79EFBC}") = "AplicatieDisertatie", "AplicatieDisertatie\AplicatieDisertatie.csproj", "{DA87ACD9-FBFC-4673-961F-94DFE125B069}"
EndProject
Project("{FAE04EC0-301F-11D3-BF4B-00C04F79EFBC}") = "Service.Booking", "Service.Booking\Service.Booking.csproj", "{C494D01F-BB0B-4335-8A19-CA1A6E583CC2}"
EndProject
Global
	GlobalSection(SolutionConfigurationPlatforms) = preSolution
		Debug|Any CPU = Debug|Any CPU
		Release|Any CPU = Release|Any CPU
	EndGlobalSection
	GlobalSection(ProjectConfigurationPlatforms) = postSolution
		{DA87ACD9-FBFC-4673-961F-94DFE125B069}.Debug|Any CPU.ActiveCfg = Debug|Any CPU
		{DA87ACD9-FBFC-4673-961F-94DFE125B069}.Debug|Any CPU.Build.0 = Debug|Any CPU
		{DA87ACD9-FBFC-4673-961F-94DFE125B069}.Release|Any CPU.ActiveCfg = Release|Any CPU
		{DA87ACD9-FBFC-4673-961F-94DFE125B069}.Release|Any CPU.Build.0 = Release|Any CPU
		{C494D01F-BB0B-4335-8A19-CA1A6E583CC2}.Debug|Any CPU.ActiveCfg = Debug|Any CPU
		{C494D01F-BB0B-4335-8A19-CA1A6E583CC2}.Debug|Any CPU.Build.0 = Debug|Any CPU
		{C494D01F-BB0B-4335-8A19-CA1A6E583CC2}.Release|Any CPU.ActiveCfg = Release|Any CPU
		{C494D01F-BB0B-4335-8A19-CA1A6E583CC2}.Release|Any CPU.Build.0 = Release|Any CPU
	EndGlobalSection
	GlobalSection(SolutionProperties) = preSolution
		HideSolutionNode = FALSE
	EndGlobalSection
	GlobalSection(ExtensibilityGlobals) = postSolution
		SolutionGuid = {8B62F821-DCBB-4C9B-8EF2-84638CAE99D7}
	EndGlobalSection
EndGlobal
